
Microsoft Visual Studio Solution File, Format Version 12.00
# Visual Studio 15
VisualStudioVersion = 15.0.27703.2000
MinimumVisualStudioVersion = 10.0.40219.1
Project("{FAE04EC0-301F-11D3-BF4B-00C04F79EFBC}") = "CheckList.Web", "CheckList.Web\CheckList.Web.csproj", "{6B773C1A-C550-4AF4-801B-15DE8D1EA636}"
EndProject
Global
	GlobalSection(SolutionConfigurationPlatforms) = preSolution
		Debug|Any CPU = Debug|Any CPU
		Release|Any CPU = Release|Any CPU
	EndGlobalSection
	GlobalSection(ProjectConfigurationPlatforms) = postSolution
		{6B773C1A-C550-4AF4-801B-15DE8D1EA636}.Debug|Any CPU.ActiveCfg = Debug|Any CPU
		{6B773C1A-C550-4AF4-801B-15DE8D1EA636}.Debug|Any CPU.Build.0 = Debug|Any CPU
		{6B773C1A-C550-4AF4-801B-15DE8D1EA636}.Release|Any CPU.ActiveCfg = Release|Any CPU
		{6B773C1A-C550-4AF4-801B-15DE8D1EA636}.Release|Any CPU.Build.0 = Release|Any CPU
	EndGlobalSection
	GlobalSection(SolutionProperties) = preSolution
		HideSolutionNode = FALSE
	EndGlobalSection
	GlobalSection(ExtensibilityGlobals) = postSolution
		SolutionGuid = {6FBA81FE-C7EB-4007-AD83-35371BB7E72A}
	EndGlobalSection
EndGlobal
